// !$*UTF8*$!
{
	archiveVersion = 1;
	classes = {
	};
	objectVersion = 56;
	objects = {

/* Begin PBXBuildFile section */
		59D39A4328DAE34E00427DA1 /* AppDelegate.swift in Sources */ = {isa = PBXBuildFile; fileRef = 59D39A4228DAE34E00427DA1 /* AppDelegate.swift */; };
		59D39A4528DAE34E00427DA1 /* SceneDelegate.swift in Sources */ = {isa = PBXBuildFile; fileRef = 59D39A4428DAE34E00427DA1 /* SceneDelegate.swift */; };
		59D39A4728DAE34E00427DA1 /* ViewController.swift in Sources */ = {isa = PBXBuildFile; fileRef = 59D39A4628DAE34E00427DA1 /* ViewController.swift */; };
		59D39A4A28DAE34E00427DA1 /* Main.storyboard in Resources */ = {isa = PBXBuildFile; fileRef = 59D39A4828DAE34E00427DA1 /* Main.storyboard */; };
		59D39A4D28DAE34E00427DA1 /* emotionDiary.xcdatamodeld in Sources */ = {isa = PBXBuildFile; fileRef = 59D39A4B28DAE34E00427DA1 /* emotionDiary.xcdatamodeld */; };
		59D39A4F28DAE35000427DA1 /* Assets.xcassets in Resources */ = {isa = PBXBuildFile; fileRef = 59D39A4E28DAE35000427DA1 /* Assets.xcassets */; };
		59D39A5228DAE35000427DA1 /* LaunchScreen.storyboard in Resources */ = {isa = PBXBuildFile; fileRef = 59D39A5028DAE35000427DA1 /* LaunchScreen.storyboard */; };
		59D39A5D28DAE35000427DA1 /* emotionDiaryTests.swift in Sources */ = {isa = PBXBuildFile; fileRef = 59D39A5C28DAE35000427DA1 /* emotionDiaryTests.swift */; };
		59D39A6728DAE35000427DA1 /* emotionDiaryUITests.swift in Sources */ = {isa = PBXBuildFile; fileRef = 59D39A6628DAE35000427DA1 /* emotionDiaryUITests.swift */; };
		59D39A6928DAE35000427DA1 /* emotionDiaryUITestsLaunchTests.swift in Sources */ = {isa = PBXBuildFile; fileRef = 59D39A6828DAE35000427DA1 /* emotionDiaryUITestsLaunchTests.swift */; };
/* End PBXBuildFile section */

/* Begin PBXContainerItemProxy section */
		59D39A5928DAE35000427DA1 /* PBXContainerItemProxy */ = {
			isa = PBXContainerItemProxy;
			containerPortal = 59D39A3728DAE34E00427DA1 /* Project object */;
			proxyType = 1;
			remoteGlobalIDString = 59D39A3E28DAE34E00427DA1;
			remoteInfo = emotionDiary;
		};
		59D39A6328DAE35000427DA1 /* PBXContainerItemProxy */ = {
			isa = PBXContainerItemProxy;
			containerPortal = 59D39A3728DAE34E00427DA1 /* Project object */;
			proxyType = 1;
			remoteGlobalIDString = 59D39A3E28DAE34E00427DA1;
			remoteInfo = emotionDiary;
		};
/* End PBXContainerItemProxy section */

/* Begin PBXFileReference section */
		59D39A3F28DAE34E00427DA1 /* emotionDiary.app */ = {isa = PBXFileReference; explicitFileType = wrapper.application; includeInIndex = 0; path = emotionDiary.app; sourceTree = BUILT_PRODUCTS_DIR; };
		59D39A4228DAE34E00427DA1 /* AppDelegate.swift */ = {isa = PBXFileReference; lastKnownFileType = sourcecode.swift; path = AppDelegate.swift; sourceTree = "<group>"; };
		59D39A4428DAE34E00427DA1 /* SceneDelegate.swift */ = {isa = PBXFileReference; lastKnownFileType = sourcecode.swift; path = SceneDelegate.swift; sourceTree = "<group>"; };
		59D39A4628DAE34E00427DA1 /* ViewController.swift */ = {isa = PBXFileReference; lastKnownFileType = sourcecode.swift; path = ViewController.swift; sourceTree = "<group>"; };
		59D39A4928DAE34E00427DA1 /* Base */ = {isa = PBXFileReference; lastKnownFileType = file.storyboard; name = Base; path = Base.lproj/Main.storyboard; sourceTree = "<group>"; };
		59D39A4C28DAE34E00427DA1 /* emotionDiary.xcdatamodel */ = {isa = PBXFileReference; lastKnownFileType = wrapper.xcdatamodel; path = emotionDiary.xcdatamodel; sourceTree = "<group>"; };
		59D39A4E28DAE35000427DA1 /* Assets.xcassets */ = {isa = PBXFileReference; lastKnownFileType = folder.assetcatalog; path = Assets.xcassets; sourceTree = "<group>"; };
		59D39A5128DAE35000427DA1 /* Base */ = {isa = PBXFileReference; lastKnownFileType = file.storyboard; name = Base; path = Base.lproj/LaunchScreen.storyboard; sourceTree = "<group>"; };
		59D39A5328DAE35000427DA1 /* Info.plist */ = {isa = PBXFileReference; lastKnownFileType = text.plist.xml; path = Info.plist; sourceTree = "<group>"; };
		59D39A5828DAE35000427DA1 /* emotionDiaryTests.xctest */ = {isa = PBXFileReference; explicitFileType = wrapper.cfbundle; includeInIndex = 0; path = emotionDiaryTests.xctest; sourceTree = BUILT_PRODUCTS_DIR; };
		59D39A5C28DAE35000427DA1 /* emotionDiaryTests.swift */ = {isa = PBXFileReference; lastKnownFileType = sourcecode.swift; path = emotionDiaryTests.swift; sourceTree = "<group>"; };
		59D39A6228DAE35000427DA1 /* emotionDiaryUITests.xctest */ = {isa = PBXFileReference; explicitFileType = wrapper.cfbundle; includeInIndex = 0; path = emotionDiaryUITests.xctest; sourceTree = BUILT_PRODUCTS_DIR; };
		59D39A6628DAE35000427DA1 /* emotionDiaryUITests.swift */ = {isa = PBXFileReference; lastKnownFileType = sourcecode.swift; path = emotionDiaryUITests.swift; sourceTree = "<group>"; };
		59D39A6828DAE35000427DA1 /* emotionDiaryUITestsLaunchTests.swift */ = {isa = PBXFileReference; lastKnownFileType = sourcecode.swift; path = emotionDiaryUITestsLaunchTests.swift; sourceTree = "<group>"; };
/* End PBXFileReference section */

/* Begin PBXFrameworksBuildPhase section */
		59D39A3C28DAE34E00427DA1 /* Frameworks */ = {
			isa = PBXFrameworksBuildPhase;
			buildActionMask = 2147483647;
			files = (
			);
			runOnlyForDeploymentPostprocessing = 0;
		};
		59D39A5528DAE35000427DA1 /* Frameworks */ = {
			isa = PBXFrameworksBuildPhase;
			buildActionMask = 2147483647;
			files = (
			);
			runOnlyForDeploymentPostprocessing = 0;
		};
		59D39A5F28DAE35000427DA1 /* Frameworks */ = {
			isa = PBXFrameworksBuildPhase;
			buildActionMask = 2147483647;
			files = (
			);
			runOnlyForDeploymentPostprocessing = 0;
		};
/* End PBXFrameworksBuildPhase section */

/* Begin PBXGroup section */
		59D39A3628DAE34E00427DA1 = {
			isa = PBXGroup;
			children = (
				59D39A4128DAE34E00427DA1 /* emotionDiary */,
				59D39A5B28DAE35000427DA1 /* emotionDiaryTests */,
				59D39A6528DAE35000427DA1 /* emotionDiaryUITests */,
				59D39A4028DAE34E00427DA1 /* Products */,
			);
			sourceTree = "<group>";
		};
		59D39A4028DAE34E00427DA1 /* Products */ = {
			isa = PBXGroup;
			children = (
				59D39A3F28DAE34E00427DA1 /* emotionDiary.app */,
				59D39A5828DAE35000427DA1 /* emotionDiaryTests.xctest */,
				59D39A6228DAE35000427DA1 /* emotionDiaryUITests.xctest */,
			);
			name = Products;
			sourceTree = "<group>";
		};
		59D39A4128DAE34E00427DA1 /* emotionDiary */ = {
			isa = PBXGroup;
			children = (
				59D39A4228DAE34E00427DA1 /* AppDelegate.swift */,
				59D39A4428DAE34E00427DA1 /* SceneDelegate.swift */,
				59D39A4628DAE34E00427DA1 /* ViewController.swift */,
				59D39A4828DAE34E00427DA1 /* Main.storyboard */,
				59D39A4E28DAE35000427DA1 /* Assets.xcassets */,
				59D39A5028DAE35000427DA1 /* LaunchScreen.storyboard */,
				59D39A5328DAE35000427DA1 /* Info.plist */,
				59D39A4B28DAE34E00427DA1 /* emotionDiary.xcdatamodeld */,
			);
			path = emotionDiary;
			sourceTree = "<group>";
		};
		59D39A5B28DAE35000427DA1 /* emotionDiaryTests */ = {
			isa = PBXGroup;
			children = (
				59D39A5C28DAE35000427DA1 /* emotionDiaryTests.swift */,
			);
			path = emotionDiaryTests;
			sourceTree = "<group>";
		};
		59D39A6528DAE35000427DA1 /* emotionDiaryUITests */ = {
			isa = PBXGroup;
			children = (
				59D39A6628DAE35000427DA1 /* emotionDiaryUITests.swift */,
				59D39A6828DAE35000427DA1 /* emotionDiaryUITestsLaunchTests.swift */,
			);
			path = emotionDiaryUITests;
			sourceTree = "<group>";
		};
/* End PBXGroup section */

/* Begin PBXNativeTarget section */
		59D39A3E28DAE34E00427DA1 /* emotionDiary */ = {
			isa = PBXNativeTarget;
			buildConfigurationList = 59D39A6C28DAE35000427DA1 /* Build configuration list for PBXNativeTarget "emotionDiary" */;
			buildPhases = (
				59D39A3B28DAE34E00427DA1 /* Sources */,
				59D39A3C28DAE34E00427DA1 /* Frameworks */,
				59D39A3D28DAE34E00427DA1 /* Resources */,
			);
			buildRules = (
			);
			dependencies = (
			);
			name = emotionDiary;
			productName = emotionDiary;
			productReference = 59D39A3F28DAE34E00427DA1 /* emotionDiary.app */;
			productType = "com.apple.product-type.application";
		};
		59D39A5728DAE35000427DA1 /* emotionDiaryTests */ = {
			isa = PBXNativeTarget;
			buildConfigurationList = 59D39A6F28DAE35000427DA1 /* Build configuration list for PBXNativeTarget "emotionDiaryTests" */;
			buildPhases = (
				59D39A5428DAE35000427DA1 /* Sources */,
				59D39A5528DAE35000427DA1 /* Frameworks */,
				59D39A5628DAE35000427DA1 /* Resources */,
			);
			buildRules = (
			);
			dependencies = (
				59D39A5A28DAE35000427DA1 /* PBXTargetDependency */,
			);
			name = emotionDiaryTests;
			productName = emotionDiaryTests;
			productReference = 59D39A5828DAE35000427DA1 /* emotionDiaryTests.xctest */;
			productType = "com.apple.product-type.bundle.unit-test";
		};
		59D39A6128DAE35000427DA1 /* emotionDiaryUITests */ = {
			isa = PBXNativeTarget;
			buildConfigurationList = 59D39A7228DAE35000427DA1 /* Build configuration list for PBXNativeTarget "emotionDiaryUITests" */;
			buildPhases = (
				59D39A5E28DAE35000427DA1 /* Sources */,
				59D39A5F28DAE35000427DA1 /* Frameworks */,
				59D39A6028DAE35000427DA1 /* Resources */,
			);
			buildRules = (
			);
			dependencies = (
				59D39A6428DAE35000427DA1 /* PBXTargetDependency */,
			);
			name = emotionDiaryUITests;
			productName = emotionDiaryUITests;
			productReference = 59D39A6228DAE35000427DA1 /* emotionDiaryUITests.xctest */;
			productType = "com.apple.product-type.bundle.ui-testing";
		};
/* End PBXNativeTarget section */

/* Begin PBXProject section */
		59D39A3728DAE34E00427DA1 /* Project object */ = {
			isa = PBXProject;
			attributes = {
				BuildIndependentTargetsInParallel = 1;
				LastSwiftUpdateCheck = 1400;
				LastUpgradeCheck = 1400;
				TargetAttributes = {
					59D39A3E28DAE34E00427DA1 = {
						CreatedOnToolsVersion = 14.0;
					};
					59D39A5728DAE35000427DA1 = {
						CreatedOnToolsVersion = 14.0;
						TestTargetID = 59D39A3E28DAE34E00427DA1;
					};
					59D39A6128DAE35000427DA1 = {
						CreatedOnToolsVersion = 14.0;
						TestTargetID = 59D39A3E28DAE34E00427DA1;
					};
				};
			};
			buildConfigurationList = 59D39A3A28DAE34E00427DA1 /* Build configuration list for PBXProject "emotionDiary" */;
			compatibilityVersion = "Xcode 14.0";
			developmentRegion = en;
			hasScannedForEncodings = 0;
			knownRegions = (
				en,
				Base,
			);
			mainGroup = 59D39A3628DAE34E00427DA1;
			productRefGroup = 59D39A4028DAE34E00427DA1 /* Products */;
			projectDirPath = "";
			projectRoot = "";
			targets = (
				59D39A3E28DAE34E00427DA1 /* emotionDiary */,
				59D39A5728DAE35000427DA1 /* emotionDiaryTests */,
				59D39A6128DAE35000427DA1 /* emotionDiaryUITests */,
			);
		};
/* End PBXProject section */

/* Begin PBXResourcesBuildPhase section */
		59D39A3D28DAE34E00427DA1 /* Resources */ = {
			isa = PBXResourcesBuildPhase;
			buildActionMask = 2147483647;
			files = (
				59D39A5228DAE35000427DA1 /* LaunchScreen.storyboard in Resources */,
				59D39A4F28DAE35000427DA1 /* Assets.xcassets in Resources */,
				59D39A4A28DAE34E00427DA1 /* Main.storyboard in Resources */,
			);
			runOnlyForDeploymentPostprocessing = 0;
		};
		59D39A5628DAE35000427DA1 /* Resources */ = {
			isa = PBXResourcesBuildPhase;
			buildActionMask = 2147483647;
			files = (
			);
			runOnlyForDeploymentPostprocessing = 0;
		};
		59D39A6028DAE35000427DA1 /* Resources */ = {
			isa = PBXResourcesBuildPhase;
			buildActionMask = 2147483647;
			files = (
			);
			runOnlyForDeploymentPostprocessing = 0;
		};
/* End PBXResourcesBuildPhase section */

/* Begin PBXSourcesBuildPhase section */
		59D39A3B28DAE34E00427DA1 /* Sources */ = {
			isa = PBXSourcesBuildPhase;
			buildActionMask = 2147483647;
			files = (
				59D39A4728DAE34E00427DA1 /* ViewController.swift in Sources */,
				59D39A4D28DAE34E00427DA1 /* emotionDiary.xcdatamodeld in Sources */,
				59D39A4328DAE34E00427DA1 /* AppDelegate.swift in Sources */,
				59D39A4528DAE34E00427DA1 /* SceneDelegate.swift in Sources */,
			);
			runOnlyForDeploymentPostprocessing = 0;
		};
		59D39A5428DAE35000427DA1 /* Sources */ = {
			isa = PBXSourcesBuildPhase;
			buildActionMask = 2147483647;
			files = (
				59D39A5D28DAE35000427DA1 /* emotionDiaryTests.swift in Sources */,
			);
			runOnlyForDeploymentPostprocessing = 0;
		};
		59D39A5E28DAE35000427DA1 /* Sources */ = {
			isa = PBXSourcesBuildPhase;
			buildActionMask = 2147483647;
			files = (
				59D39A6928DAE35000427DA1 /* emotionDiaryUITestsLaunchTests.swift in Sources */,
				59D39A6728DAE35000427DA1 /* emotionDiaryUITests.swift in Sources */,
			);
			runOnlyForDeploymentPostprocessing = 0;
		};
/* End PBXSourcesBuildPhase section */

/* Begin PBXTargetDependency section */
		59D39A5A28DAE35000427DA1 /* PBXTargetDependency */ = {
			isa = PBXTargetDependency;
			target = 59D39A3E28DAE34E00427DA1 /* emotionDiary */;
			targetProxy = 59D39A5928DAE35000427DA1 /* PBXContainerItemProxy */;
		};
		59D39A6428DAE35000427DA1 /* PBXTargetDependency */ = {
			isa = PBXTargetDependency;
			target = 59D39A3E28DAE34E00427DA1 /* emotionDiary */;
			targetProxy = 59D39A6328DAE35000427DA1 /* PBXContainerItemProxy */;
		};
/* End PBXTargetDependency section */

/* Begin PBXVariantGroup section */
		59D39A4828DAE34E00427DA1 /* Main.storyboard */ = {
			isa = PBXVariantGroup;
			children = (
				59D39A4928DAE34E00427DA1 /* Base */,
			);
			name = Main.storyboard;
			sourceTree = "<group>";
		};
		59D39A5028DAE35000427DA1 /* LaunchScreen.storyboard */ = {
			isa = PBXVariantGroup;
			children = (
				59D39A5128DAE35000427DA1 /* Base */,
			);
			name = LaunchScreen.storyboard;
			sourceTree = "<group>";
		};
/* End PBXVariantGroup section */

/* Begin XCBuildConfiguration section */
		59D39A6A28DAE35000427DA1 /* Debug */ = {
			isa = XCBuildConfiguration;
			buildSettings = {
				ALWAYS_SEARCH_USER_PATHS = NO;
				CLANG_ANALYZER_NONNULL = YES;
				CLANG_ANALYZER_NUMBER_OBJECT_CONVERSION = YES_AGGRESSIVE;
				CLANG_CXX_LANGUAGE_STANDARD = "gnu++20";
				CLANG_ENABLE_MODULES = YES;
				CLANG_ENABLE_OBJC_ARC = YES;
				CLANG_ENABLE_OBJC_WEAK = YES;
				CLANG_WARN_BLOCK_CAPTURE_AUTORELEASING = YES;
				CLANG_WARN_BOOL_CONVERSION = YES;
				CLANG_WARN_COMMA = YES;
				CLANG_WARN_CONSTANT_CONVERSION = YES;
				CLANG_WARN_DEPRECATED_OBJC_IMPLEMENTATIONS = YES;
				CLANG_WARN_DIRECT_OBJC_ISA_USAGE = YES_ERROR;
				CLANG_WARN_DOCUMENTATION_COMMENTS = YES;
				CLANG_WARN_EMPTY_BODY = YES;
				CLANG_WARN_ENUM_CONVERSION = YES;
				CLANG_WARN_INFINITE_RECURSION = YES;
				CLANG_WARN_INT_CONVERSION = YES;
				CLANG_WARN_NON_LITERAL_NULL_CONVERSION = YES;
				CLANG_WARN_OBJC_IMPLICIT_RETAIN_SELF = YES;
				CLANG_WARN_OBJC_LITERAL_CONVERSION = YES;
				CLANG_WARN_OBJC_ROOT_CLASS = YES_ERROR;
				CLANG_WARN_QUOTED_INCLUDE_IN_FRAMEWORK_HEADER = YES;
				CLANG_WARN_RANGE_LOOP_ANALYSIS = YES;
				CLANG_WARN_STRICT_PROTOTYPES = YES;
				CLANG_WARN_SUSPICIOUS_MOVE = YES;
				CLANG_WARN_UNGUARDED_AVAILABILITY = YES_AGGRESSIVE;
				CLANG_WARN_UNREACHABLE_CODE = YES;
				CLANG_WARN__DUPLICATE_METHOD_MATCH = YES;
				COPY_PHASE_STRIP = NO;
				DEBUG_INFORMATION_FORMAT = dwarf;
				ENABLE_STRICT_OBJC_MSGSEND = YES;
				ENABLE_TESTABILITY = YES;
				GCC_C_LANGUAGE_STANDARD = gnu11;
				GCC_DYNAMIC_NO_PIC = NO;
				GCC_NO_COMMON_BLOCKS = YES;
				GCC_OPTIMIZATION_LEVEL = 0;
				GCC_PREPROCESSOR_DEFINITIONS = (
					"DEBUG=1",
					"$(inherited)",
				);
				GCC_WARN_64_TO_32_BIT_CONVERSION = YES;
				GCC_WARN_ABOUT_RETURN_TYPE = YES_ERROR;
				GCC_WARN_UNDECLARED_SELECTOR = YES;
				GCC_WARN_UNINITIALIZED_AUTOS = YES_AGGRESSIVE;
				GCC_WARN_UNUSED_FUNCTION = YES;
				GCC_WARN_UNUSED_VARIABLE = YES;
				IPHONEOS_DEPLOYMENT_TARGET = 16.0;
				MTL_ENABLE_DEBUG_INFO = INCLUDE_SOURCE;
				MTL_FAST_MATH = YES;
				ONLY_ACTIVE_ARCH = YES;
				SDKROOT = iphoneos;
				SWIFT_ACTIVE_COMPILATION_CONDITIONS = DEBUG;
				SWIFT_OPTIMIZATION_LEVEL = "-Onone";
			};
			name = Debug;
		};
		59D39A6B28DAE35000427DA1 /* Release */ = {
			isa = XCBuildConfiguration;
			buildSettings = {
				ALWAYS_SEARCH_USER_PATHS = NO;
				CLANG_ANALYZER_NONNULL = YES;
				CLANG_ANALYZER_NUMBER_OBJECT_CONVERSION = YES_AGGRESSIVE;
				CLANG_CXX_LANGUAGE_STANDARD = "gnu++20";
				CLANG_ENABLE_MODULES = YES;
				CLANG_ENABLE_OBJC_ARC = YES;
				CLANG_ENABLE_OBJC_WEAK = YES;
				CLANG_WARN_BLOCK_CAPTURE_AUTORELEASING = YES;
				CLANG_WARN_BOOL_CONVERSION = YES;
				CLANG_WARN_COMMA = YES;
				CLANG_WARN_CONSTANT_CONVERSION = YES;
				CLANG_WARN_DEPRECATED_OBJC_IMPLEMENTATIONS = YES;
				CLANG_WARN_DIRECT_OBJC_ISA_USAGE = YES_ERROR;
				CLANG_WARN_DOCUMENTATION_COMMENTS = YES;
				CLANG_WARN_EMPTY_BODY = YES;
				CLANG_WARN_ENUM_CONVERSION = YES;
				CLANG_WARN_INFINITE_RECURSION = YES;
				CLANG_WARN_INT_CONVERSION = YES;
				CLANG_WARN_NON_LITERAL_NULL_CONVERSION = YES;
				CLANG_WARN_OBJC_IMPLICIT_RETAIN_SELF = YES;
				CLANG_WARN_OBJC_LITERAL_CONVERSION = YES;
				CLANG_WARN_OBJC_ROOT_CLASS = YES_ERROR;
				CLANG_WARN_QUOTED_INCLUDE_IN_FRAMEWORK_HEADER = YES;
				CLANG_WARN_RANGE_LOOP_ANALYSIS = YES;
				CLANG_WARN_STRICT_PROTOTYPES = YES;
				CLANG_WARN_SUSPICIOUS_MOVE = YES;
				CLANG_WARN_UNGUARDED_AVAILABILITY = YES_AGGRESSIVE;
				CLANG_WARN_UNREACHABLE_CODE = YES;
				CLANG_WARN__DUPLICATE_METHOD_MATCH = YES;
				COPY_PHASE_STRIP = NO;
				DEBUG_INFORMATION_FORMAT = "dwarf-with-dsym";
				ENABLE_NS_ASSERTIONS = NO;
				ENABLE_STRICT_OBJC_MSGSEND = YES;
				GCC_C_LANGUAGE_STANDARD = gnu11;
				GCC_NO_COMMON_BLOCKS = YES;
				GCC_WARN_64_TO_32_BIT_CONVERSION = YES;
				GCC_WARN_ABOUT_RETURN_TYPE = YES_ERROR;
				GCC_WARN_UNDECLARED_SELECTOR = YES;
				GCC_WARN_UNINITIALIZED_AUTOS = YES_AGGRESSIVE;
				GCC_WARN_UNUSED_FUNCTION = YES;
				GCC_WARN_UNUSED_VARIABLE = YES;
				IPHONEOS_DEPLOYMENT_TARGET = 16.0;
				MTL_ENABLE_DEBUG_INFO = NO;
				MTL_FAST_MATH = YES;
				SDKROOT = iphoneos;
				SWIFT_COMPILATION_MODE = wholemodule;
				SWIFT_OPTIMIZATION_LEVEL = "-O";
				VALIDATE_PRODUCT = YES;
			};
			name = Release;
		};
		59D39A6D28DAE35000427DA1 /* Debug */ = {
			isa = XCBuildConfiguration;
			buildSettings = {
				ASSETCATALOG_COMPILER_APPICON_NAME = AppIcon;
				ASSETCATALOG_COMPILER_GLOBAL_ACCENT_COLOR_NAME = AccentColor;
				CODE_SIGN_STYLE = Automatic;
				CURRENT_PROJECT_VERSION = 1;
				DEVELOPMENT_TEAM = X73WTK25N3;
				GENERATE_INFOPLIST_FILE = YES;
				INFOPLIST_FILE = emotionDiary/Info.plist;
				INFOPLIST_KEY_UIApplicationSupportsIndirectInputEvents = YES;
				INFOPLIST_KEY_UILaunchStoryboardName = LaunchScreen;
				INFOPLIST_KEY_UIMainStoryboardFile = Main;
				INFOPLIST_KEY_UISupportedInterfaceOrientations_iPad = "UIInterfaceOrientationPortrait UIInterfaceOrientationPortraitUpsideDown UIInterfaceOrientationLandscapeLeft UIInterfaceOrientationLandscapeRight";
				INFOPLIST_KEY_UISupportedInterfaceOrientations_iPhone = "UIInterfaceOrientationPortrait UIInterfaceOrientationLandscapeLeft UIInterfaceOrientationLandscapeRight";
				LD_RUNPATH_SEARCH_PATHS = (
					"$(inherited)",
					"@executable_path/Frameworks",
				);
				MARKETING_VERSION = 1.0;
				PRODUCT_BUNDLE_IDENTIFIER = com.emotionDiary;
				PRODUCT_NAME = "$(TARGET_NAME)";
				SWIFT_EMIT_LOC_STRINGS = YES;
				SWIFT_VERSION = 5.0;
				TARGETED_DEVICE_FAMILY = "1,2";
			};
			name = Debug;
		};
		59D39A6E28DAE35000427DA1 /* Release */ = {
			isa = XCBuildConfiguration;
			buildSettings = {
				ASSETCATALOG_COMPILER_APPICON_NAME = AppIcon;
				ASSETCATALOG_COMPILER_GLOBAL_ACCENT_COLOR_NAME = AccentColor;
				CODE_SIGN_STYLE = Automatic;
				CURRENT_PROJECT_VERSION = 1;
				DEVELOPMENT_TEAM = X73WTK25N3;
				GENERATE_INFOPLIST_FILE = YES;
				INFOPLIST_FILE = emotionDiary/Info.plist;
				INFOPLIST_KEY_UIApplicationSupportsIndirectInputEvents = YES;
				INFOPLIST_KEY_UILaunchStoryboardName = LaunchScreen;
				INFOPLIST_KEY_UIMainStoryboardFile = Main;
				INFOPLIST_KEY_UISupportedInterfaceOrientations_iPad = "UIInterfaceOrientationPortrait UIInterfaceOrientationPortraitUpsideDown UIInterfaceOrientationLandscapeLeft UIInterfaceOrientationLandscapeRight";
				INFOPLIST_KEY_UISupportedInterfaceOrientations_iPhone = "UIInterfaceOrientationPortrait UIInterfaceOrientationLandscapeLeft UIInterfaceOrientationLandscapeRight";
				LD_RUNPATH_SEARCH_PATHS = (
					"$(inherited)",
					"@executable_path/Frameworks",
				);
				MARKETING_VERSION = 1.0;
				PRODUCT_BUNDLE_IDENTIFIER = com.emotionDiary;
				PRODUCT_NAME = "$(TARGET_NAME)";
				SWIFT_EMIT_LOC_STRINGS = YES;
				SWIFT_VERSION = 5.0;
				TARGETED_DEVICE_FAMILY = "1,2";
			};
			name = Release;
		};
		59D39A7028DAE35000427DA1 /* Debug */ = {
			isa = XCBuildConfiguration;
			buildSettings = {
				ALWAYS_EMBED_SWIFT_STANDARD_LIBRARIES = YES;
				BUNDLE_LOADER = "$(TEST_HOST)";
				CODE_SIGN_STYLE = Automatic;
				CURRENT_PROJECT_VERSION = 1;
				DEVELOPMENT_TEAM = X73WTK25N3;
				GENERATE_INFOPLIST_FILE = YES;
				IPHONEOS_DEPLOYMENT_TARGET = 16.0;
				MARKETING_VERSION = 1.0;
				PRODUCT_BUNDLE_IDENTIFIER = com.emotionDiaryTests;
				PRODUCT_NAME = "$(TARGET_NAME)";
				SWIFT_EMIT_LOC_STRINGS = NO;
				SWIFT_VERSION = 5.0;
				TARGETED_DEVICE_FAMILY = "1,2";
				TEST_HOST = "$(BUILT_PRODUCTS_DIR)/emotionDiary.app/$(BUNDLE_EXECUTABLE_FOLDER_PATH)/emotionDiary";
			};
			name = Debug;
		};
		59D39A7128DAE35000427DA1 /* Release */ = {
			isa = XCBuildConfiguration;
			buildSettings = {
				ALWAYS_EMBED_SWIFT_STANDARD_LIBRARIES = YES;
				BUNDLE_LOADER = "$(TEST_HOST)";
				CODE_SIGN_STYLE = Automatic;
				CURRENT_PROJECT_VERSION = 1;
				DEVELOPMENT_TEAM = X73WTK25N3;
				GENERATE_INFOPLIST_FILE = YES;
				IPHONEOS_DEPLOYMENT_TARGET = 16.0;
				MARKETING_VERSION = 1.0;
				PRODUCT_BUNDLE_IDENTIFIER = com.emotionDiaryTests;
				PRODUCT_NAME = "$(TARGET_NAME)";
				SWIFT_EMIT_LOC_STRINGS = NO;
				SWIFT_VERSION = 5.0;
				TARGETED_DEVICE_FAMILY = "1,2";
				TEST_HOST = "$(BUILT_PRODUCTS_DIR)/emotionDiary.app/$(BUNDLE_EXECUTABLE_FOLDER_PATH)/emotionDiary";
			};
			name = Release;
		};
		59D39A7328DAE35000427DA1 /* Debug */ = {
			isa = XCBuildConfiguration;
			buildSettings = {
				ALWAYS_EMBED_SWIFT_STANDARD_LIBRARIES = YES;
				CODE_SIGN_STYLE = Automatic;
				CURRENT_PROJECT_VERSION = 1;
				DEVELOPMENT_TEAM = X73WTK25N3;
				GENERATE_INFOPLIST_FILE = YES;
				MARKETING_VERSION = 1.0;
				PRODUCT_BUNDLE_IDENTIFIER = com.emotionDiaryUITests;
				PRODUCT_NAME = "$(TARGET_NAME)";
				SWIFT_EMIT_LOC_STRINGS = NO;
				SWIFT_VERSION = 5.0;
				TARGETED_DEVICE_FAMILY = "1,2";
				TEST_TARGET_NAME = emotionDiary;
			};
			name = Debug;
		};
		59D39A7428DAE35000427DA1 /* Release */ = {
			isa = XCBuildConfiguration;
			buildSettings = {
				ALWAYS_EMBED_SWIFT_STANDARD_LIBRARIES = YES;
				CODE_SIGN_STYLE = Automatic;
				CURRENT_PROJECT_VERSION = 1;
				DEVELOPMENT_TEAM = X73WTK25N3;
				GENERATE_INFOPLIST_FILE = YES;
				MARKETING_VERSION = 1.0;
				PRODUCT_BUNDLE_IDENTIFIER = com.emotionDiaryUITests;
				PRODUCT_NAME = "$(TARGET_NAME)";
				SWIFT_EMIT_LOC_STRINGS = NO;
				SWIFT_VERSION = 5.0;
				TARGETED_DEVICE_FAMILY = "1,2";
				TEST_TARGET_NAME = emotionDiary;
			};
			name = Release;
		};
/* End XCBuildConfiguration section */

/* Begin XCConfigurationList section */
		59D39A3A28DAE34E00427DA1 /* Build configuration list for PBXProject "emotionDiary" */ = {
			isa = XCConfigurationList;
			buildConfigurations = (
				59D39A6A28DAE35000427DA1 /* Debug */,
				59D39A6B28DAE35000427DA1 /* Release */,
			);
			defaultConfigurationIsVisible = 0;
			defaultConfigurationName = Release;
		};
		59D39A6C28DAE35000427DA1 /* Build configuration list for PBXNativeTarget "emotionDiary" */ = {
			isa = XCConfigurationList;
			buildConfigurations = (
				59D39A6D28DAE35000427DA1 /* Debug */,
				59D39A6E28DAE35000427DA1 /* Release */,
			);
			defaultConfigurationIsVisible = 0;
			defaultConfigurationName = Release;
		};
		59D39A6F28DAE35000427DA1 /* Build configuration list for PBXNativeTarget "emotionDiaryTests" */ = {
			isa = XCConfigurationList;
			buildConfigurations = (
				59D39A7028DAE35000427DA1 /* Debug */,
				59D39A7128DAE35000427DA1 /* Release */,
			);
			defaultConfigurationIsVisible = 0;
			defaultConfigurationName = Release;
		};
		59D39A7228DAE35000427DA1 /* Build configuration list for PBXNativeTarget "emotionDiaryUITests" */ = {
			isa = XCConfigurationList;
			buildConfigurations = (
				59D39A7328DAE35000427DA1 /* Debug */,
				59D39A7428DAE35000427DA1 /* Release */,
			);
			defaultConfigurationIsVisible = 0;
			defaultConfigurationName = Release;
		};
/* End XCConfigurationList section */

/* Begin XCVersionGroup section */
		59D39A4B28DAE34E00427DA1 /* emotionDiary.xcdatamodeld */ = {
			isa = XCVersionGroup;
			children = (
				59D39A4C28DAE34E00427DA1 /* emotionDiary.xcdatamodel */,
			);
			currentVersion = 59D39A4C28DAE34E00427DA1 /* emotionDiary.xcdatamodel */;
			path = emotionDiary.xcdatamodeld;
			sourceTree = "<group>";
			versionGroupType = wrapper.xcdatamodel;
		};
/* End XCVersionGroup section */
	};
	rootObject = 59D39A3728DAE34E00427DA1 /* Project object */;
}
